[dependencies]
  [dependencies.check-container-limits]
    name = "check-container-limits"
    full_name = "check-container-limits_0.1.0"
    version = "0.1.0"
    sum = "lMznwYyfIEH7Tv0BsVW6sU2TcpuelcIdbewGIqRo+sM="
    reg = "ghcr.io"
    repo = "kcl-lang/check-container-limits"
    oci_tag = "0.1.0"
  [dependencies.check-container-requests]
    name = "check-container-requests"
    full_name = "check-container-requests_0.1.0"
    version = "0.1.0"
    sum = "nxDuGOFssJH0rfiSBe7TWtOOsMlLwVwSz6wwIxQioMw="
    reg = "ghcr.io"
    repo = "kcl-lang/check-container-requests"
    oci_tag = "0.1.0"
  [dependencies.json_merge_patch]
    name = "json_merge_patch"
    full_name = "json_merge_patch_0.1.1"
    version = "0.1.1"
    sum = "o1aamShk1L2MGjnN9u3IErRZ3xBNDxgmFxXsGVMt8Wk="
    reg = "ghcr.io"
    repo = "kcl-lang/json_merge_patch"
    oci_tag = "0.1.1"
  [dependencies.k8s]
    name = "k8s"
    full_name = "k8s_1.29"
    version = "1.29"
    sum = "L8gHVh822FwrQGsibx6qHRqisIekluCkMpkUO+tULXE="
    reg = "ghcr.io"
    repo = "kcl-lang/k8s"
    oci_tag = "1.29"
  [dependencies.k8s_manifests_containers]
    name = "k8s_manifests_containers"
    full_name = "k8s_manifests_containers_0.1.2"
    version = "0.1.2"
    sum = "rC92LHdocdV0kvoHuB10LF5lpXl/we+5HY3yPLxTY3Q="
    reg = "ghcr.io"
    repo = "kcl-lang/k8s_manifests_containers"
    oci_tag = "0.1.2"
  [dependencies.k8s_manifests_service_account]
    name = "k8s_manifests_service_account"
    full_name = "k8s_manifests_service_account_0.1.0"
    version = "0.1.0"
    sum = "l4l/1bs5sz9XMwnbEFSyUywlhH0yI1aEzMDetUetCxk="
    reg = "ghcr.io"
    repo = "kcl-lang/k8s_manifests_service_account"
    oci_tag = "0.1.0"
